
Microsoft Visual Studio Solution File, Format Version 12.00
# Visual Studio Version 16
VisualStudioVersion = 16.0.29509.3
MinimumVisualStudioVersion = 10.0.40219.1
Project("{8BC9CEB8-8B4A-11D0-8D11-00A0C91BC942}") = "PuttyUpdater", "PuttyUpdater.vcxproj", "{CC921226-0BD8-4447-9C7D-934338168970}"
EndProject
Global
	GlobalSection(SolutionConfigurationPlatforms) = preSolution
		Debug|x64 = Debug|x64
		Debug|x86 = Debug|x86
		Release|x64 = Release|x64
		Release|x86 = Release|x86
	EndGlobalSection
	GlobalSection(ProjectConfigurationPlatforms) = postSolution
		{CC921226-0BD8-4447-9C7D-934338168970}.Debug|x64.ActiveCfg = Debug|x64
		{CC921226-0BD8-4447-9C7D-934338168970}.Debug|x64.Build.0 = Debug|x64
		{CC921226-0BD8-4447-9C7D-934338168970}.Debug|x86.ActiveCfg = Debug|Win32
		{CC921226-0BD8-4447-9C7D-934338168970}.Debug|x86.Build.0 = Debug|Win32
		{CC921226-0BD8-4447-9C7D-934338168970}.Release|x64.ActiveCfg = Release|x64
		{CC921226-0BD8-4447-9C7D-934338168970}.Release|x64.Build.0 = Release|x64
		{CC921226-0BD8-4447-9C7D-934338168970}.Release|x86.ActiveCfg = Release|Win32
		{CC921226-0BD8-4447-9C7D-934338168970}.Release|x86.Build.0 = Release|Win32
	EndGlobalSection
	GlobalSection(SolutionProperties) = preSolution
		HideSolutionNode = FALSE
	EndGlobalSection
	GlobalSection(ExtensibilityGlobals) = postSolution
		SolutionGuid = {2181EC40-4E4F-4B69-857B-D5809AFC7D68}
	EndGlobalSection
EndGlobal
